# This file is generated by running "yarn install" inside your project.
# Manual changes might be lost - proceed with caution!

__metadata:
  version: 8
  cacheKey: 10c0

"@esbuild/linux-x64@npm:0.27.0":
  version: 0.27.0
  resolution: "@esbuild/linux-x64@npm:0.27.0"
  checksum: 10c0/e6e7b4fe65cae229195f50e99d335917030222f6d6c7729986f1ce3a230a7a8a7ffbf95211a3efb510377d50382f6682b5d849cd985dbc1989b0b5821426e295
  conditions: os=linux & cpu=x64
  languageName: node
  linkType: hard

"templates@workspace:.":
  version: 0.0.0-use.local
  resolution: "templates@workspace:."
  dependencies:
    "@esbuild/linux-x64": "npm:0.27.0"
    vanjs-core: "npm:1.6.0"
  languageName: unknown
  linkType: soft

"vanjs-core@npm:1.6.0":
  version: 1.6.0
  resolution: "vanjs-core@npm:1.6.0"
  checksum: 10c0/7aa80bec7aac2342c5c4d21fe00f62fcd023f6ebdce0a3a098ed36e50a3813b157bc74c6bed1be9f2800ed88f0b5b23c46c2dd451a7f5c7273b30d2cabc3278b
  languageName: node
  linkType: hard
